
Microsoft Visual Studio Solution File, Format Version 12.00
# Visual Studio 15
VisualStudioVersion = 15.0.28307.902
MinimumVisualStudioVersion = 10.0.40219.1
Project("{FAE04EC0-301F-11D3-BF4B-00C04F79EFBC}") = "WebApplication5", "WebApplication5\WebApplication5.csproj", "{15EB3D54-F40C-4EB1-9ED2-1F54F1F377A0}"
EndProject
Global
	GlobalSection(SolutionConfigurationPlatforms) = preSolution
		Debug|Any CPU = Debug|Any CPU
		Release|Any CPU = Release|Any CPU
	EndGlobalSection
	GlobalSection(ProjectConfigurationPlatforms) = postSolution
		{15EB3D54-F40C-4EB1-9ED2-1F54F1F377A0}.Debug|Any CPU.ActiveCfg = Debug|Any CPU
		{15EB3D54-F40C-4EB1-9ED2-1F54F1F377A0}.Debug|Any CPU.Build.0 = Debug|Any CPU
		{15EB3D54-F40C-4EB1-9ED2-1F54F1F377A0}.Release|Any CPU.ActiveCfg = Release|Any CPU
		{15EB3D54-F40C-4EB1-9ED2-1F54F1F377A0}.Release|Any CPU.Build.0 = Release|Any CPU
	EndGlobalSection
	GlobalSection(SolutionProperties) = preSolution
		HideSolutionNode = FALSE
	EndGlobalSection
	GlobalSection(ExtensibilityGlobals) = postSolution
		SolutionGuid = {770DB40B-995F-4EF7-ABB3-ADF45A43BFC1}
	EndGlobalSection
EndGlobal
